
Microsoft Visual Studio Solution File, Format Version 12.00
# Visual Studio Version 17
VisualStudioVersion = 17.0.31903.59
MinimumVisualStudioVersion = 10.0.40219.1
Project("{2150E333-8FDC-42A3-9474-1A3956D46DE8}") = "src", "src", "{827E0CD3-B72D-47B6-A68D-7590B98EB39B}"
EndProject
Project("{FAE04EC0-301F-11D3-BF4B-00C04F79EFBC}") = "DomainCopilot.Core", "src\DomainCopilot.Core\DomainCopilot.Core.csproj", "{07AF2D23-CA54-4793-BC69-01666C7F80F6}"
EndProject
Project("{FAE04EC0-301F-11D3-BF4B-00C04F79EFBC}") = "DomainCopilot.Service", "src\DomainCopilot.Service\DomainCopilot.Service.csproj", "{FC80C57B-1978-4414-B468-CAAAF051D968}"
EndProject
Project("{FAE04EC0-301F-11D3-BF4B-00C04F79EFBC}") = "DomainCopilot.Repository", "src\DomainCopilot.Repository\DomainCopilot.Repository.csproj", "{C56D6229-C07B-4286-BC15-651A4206D78B}"
EndProject
Project("{FAE04EC0-301F-11D3-BF4B-00C04F79EFBC}") = "DomainCopilot.APIs", "src\DomainCopilot.APIs\DomainCopilot.APIs.csproj", "{AAB26F8A-DEA3-49B5-B160-EA484456D64D}"
EndProject
Project("{2150E333-8FDC-42A3-9474-1A3956D46DE8}") = "tests", "tests", "{0AB3BF05-4346-4AA6-1389-037BE0695223}"
EndProject
Project("{FAE04EC0-301F-11D3-BF4B-00C04F79EFBC}") = "DomainCopilot.Core.Tests", "tests\DomainCopilot.Core.Tests\DomainCopilot.Core.Tests.csproj", "{83C43DA6-3A99-422E-8BD1-505AC197DFEF}"
EndProject
Project("{FAE04EC0-301F-11D3-BF4B-00C04F79EFBC}") = "DomainCopilot.Service.Tests", "tests\DomainCopilot.Service.Tests\DomainCopilot.Service.Tests.csproj", "{D71963C6-7DD3-4BE2-BC8F-BBC8A1E81915}"
EndProject
Project("{FAE04EC0-301F-11D3-BF4B-00C04F79EFBC}") = "DomainCopilot.Repository.IntegrationTests", "tests\DomainCopilot.Repository.IntegrationTests\DomainCopilot.Repository.IntegrationTests.csproj", "{65992077-AA16-4C3D-929F-C6F260218CD6}"
EndProject
Global
	GlobalSection(SolutionConfigurationPlatforms) = preSolution
		Debug|Any CPU = Debug|Any CPU
		Debug|x64 = Debug|x64
		Debug|x86 = Debug|x86
		Release|Any CPU = Release|Any CPU
		Release|x64 = Release|x64
		Release|x86 = Release|x86
	EndGlobalSection
	GlobalSection(ProjectConfigurationPlatforms) = postSolution
		{07AF2D23-CA54-4793-BC69-01666C7F80F6}.Debug|Any CPU.ActiveCfg = Debug|Any CPU
		{07AF2D23-CA54-4793-BC69-01666C7F80F6}.Debug|Any CPU.Build.0 = Debug|Any CPU
		{07AF2D23-CA54-4793-BC69-01666C7F80F6}.Debug|x64.ActiveCfg = Debug|Any CPU
		{07AF2D23-CA54-4793-BC69-01666C7F80F6}.Debug|x64.Build.0 = Debug|Any CPU
		{07AF2D23-CA54-4793-BC69-01666C7F80F6}.Debug|x86.ActiveCfg = Debug|Any CPU
		{07AF2D23-CA54-4793-BC69-01666C7F80F6}.Debug|x86.Build.0 = Debug|Any CPU
		{07AF2D23-CA54-4793-BC69-01666C7F80F6}.Release|Any CPU.ActiveCfg = Release|Any CPU
		{07AF2D23-CA54-4793-BC69-01666C7F80F6}.Release|Any CPU.Build.0 = Release|Any CPU
		{07AF2D23-CA54-4793-BC69-01666C7F80F6}.Release|x64.ActiveCfg = Release|Any CPU
		{07AF2D23-CA54-4793-BC69-01666C7F80F6}.Release|x64.Build.0 = Release|Any CPU
		{07AF2D23-CA54-4793-BC69-01666C7F80F6}.Release|x86.ActiveCfg = Release|Any CPU
		{07AF2D23-CA54-4793-BC69-01666C7F80F6}.Release|x86.Build.0 = Release|Any CPU
		{FC80C57B-1978-4414-B468-CAAAF051D968}.Debug|Any CPU.ActiveCfg = Debug|Any CPU
		{FC80C57B-1978-4414-B468-CAAAF051D968}.Debug|Any CPU.Build.0 = Debug|Any CPU
		{FC80C57B-1978-4414-B468-CAAAF051D968}.Debug|x64.ActiveCfg = Debug|Any CPU
		{FC80C57B-1978-4414-B468-CAAAF051D968}.Debug|x64.Build.0 = Debug|Any CPU
		{FC80C57B-1978-4414-B468-CAAAF051D968}.Debug|x86.ActiveCfg = Debug|Any CPU
		{FC80C57B-1978-4414-B468-CAAAF051D968}.Debug|x86.Build.0 = Debug|Any CPU
		{FC80C57B-1978-4414-B468-CAAAF051D968}.Release|Any CPU.ActiveCfg = Release|Any CPU
		{FC80C57B-1978-4414-B468-CAAAF051D968}.Release|Any CPU.Build.0 = Release|Any CPU
		{FC80C57B-1978-4414-B468-CAAAF051D968}.Release|x64.ActiveCfg = Release|Any CPU
		{FC80C57B-1978-4414-B468-CAAAF051D968}.Release|x64.Build.0 = Release|Any CPU
		{FC80C57B-1978-4414-B468-CAAAF051D968}.Release|x86.ActiveCfg = Release|Any CPU
		{FC80C57B-1978-4414-B468-CAAAF051D968}.Release|x86.Build.0 = Release|Any CPU
		{C56D6229-C07B-4286-BC15-651A4206D78B}.Debug|Any CPU.ActiveCfg = Debug|Any CPU
		{C56D6229-C07B-4286-BC15-651A4206D78B}.Debug|Any CPU.Build.0 = Debug|Any CPU
		{C56D6229-C07B-4286-BC15-651A4206D78B}.Debug|x64.ActiveCfg = Debug|Any CPU
		{C56D6229-C07B-4286-BC15-651A4206D78B}.Debug|x64.Build.0 = Debug|Any CPU
		{C56D6229-C07B-4286-BC15-651A4206D78B}.Debug|x86.ActiveCfg = Debug|Any CPU
		{C56D6229-C07B-4286-BC15-651A4206D78B}.Debug|x86.Build.0 = Debug|Any CPU
		{C56D6229-C07B-4286-BC15-651A4206D78B}.Release|Any CPU.ActiveCfg = Release|Any CPU
		{C56D6229-C07B-4286-BC15-651A4206D78B}.Release|Any CPU.Build.0 = Release|Any CPU
		{C56D6229-C07B-4286-BC15-651A4206D78B}.Release|x64.ActiveCfg = Release|Any CPU
		{C56D6229-C07B-4286-BC15-651A4206D78B}.Release|x64.Build.0 = Release|Any CPU
		{C56D6229-C07B-4286-BC15-651A4206D78B}.Release|x86.ActiveCfg = Release|Any CPU
		{C56D6229-C07B-4286-BC15-651A4206D78B}.Release|x86.Build.0 = Release|Any CPU
		{AAB26F8A-DEA3-49B5-B160-EA484456D64D}.Debug|Any CPU.ActiveCfg = Debug|Any CPU
		{AAB26F8A-DEA3-49B5-B160-EA484456D64D}.Debug|Any CPU.Build.0 = Debug|Any CPU
		{AAB26F8A-DEA3-49B5-B160-EA484456D64D}.Debug|x64.ActiveCfg = Debug|Any CPU
		{AAB26F8A-DEA3-49B5-B160-EA484456D64D}.Debug|x64.Build.0 = Debug|Any CPU
		{AAB26F8A-DEA3-49B5-B160-EA484456D64D}.Debug|x86.ActiveCfg = Debug|Any CPU
		{AAB26F8A-DEA3-49B5-B160-EA484456D64D}.Debug|x86.Build.0 = Debug|Any CPU
		{AAB26F8A-DEA3-49B5-B160-EA484456D64D}.Release|Any CPU.ActiveCfg = Release|Any CPU
		{AAB26F8A-DEA3-49B5-B160-EA484456D64D}.Release|Any CPU.Build.0 = Release|Any CPU
		{AAB26F8A-DEA3-49B5-B160-EA484456D64D}.Release|x64.ActiveCfg = Release|Any CPU
		{AAB26F8A-DEA3-49B5-B160-EA484456D64D}.Release|x64.Build.0 = Release|Any CPU
		{AAB26F8A-DEA3-49B5-B160-EA484456D64D}.Release|x86.ActiveCfg = Release|Any CPU
		{AAB26F8A-DEA3-49B5-B160-EA484456D64D}.Release|x86.Build.0 = Release|Any CPU
		{83C43DA6-3A99-422E-8BD1-505AC197DFEF}.Debug|Any CPU.ActiveCfg = Debug|Any CPU
		{83C43DA6-3A99-422E-8BD1-505AC197DFEF}.Debug|Any CPU.Build.0 = Debug|Any CPU
		{83C43DA6-3A99-422E-8BD1-505AC197DFEF}.Debug|x64.ActiveCfg = Debug|Any CPU
		{83C43DA6-3A99-422E-8BD1-505AC197DFEF}.Debug|x64.Build.0 = Debug|Any CPU
		{83C43DA6-3A99-422E-8BD1-505AC197DFEF}.Debug|x86.ActiveCfg = Debug|Any CPU
		{83C43DA6-3A99-422E-8BD1-505AC197DFEF}.Debug|x86.Build.0 = Debug|Any CPU
		{83C43DA6-3A99-422E-8BD1-505AC197DFEF}.Release|Any CPU.ActiveCfg = Release|Any CPU
		{83C43DA6-3A99-422E-8BD1-505AC197DFEF}.Release|Any CPU.Build.0 = Release|Any CPU
		{83C43DA6-3A99-422E-8BD1-505AC197DFEF}.Release|x64.ActiveCfg = Release|Any CPU
		{83C43DA6-3A99-422E-8BD1-505AC197DFEF}.Release|x64.Build.0 = Release|Any CPU
		{83C43DA6-3A99-422E-8BD1-505AC197DFEF}.Release|x86.ActiveCfg = Release|Any CPU
		{83C43DA6-3A99-422E-8BD1-505AC197DFEF}.Release|x86.Build.0 = Release|Any CPU
		{D71963C6-7DD3-4BE2-BC8F-BBC8A1E81915}.Debug|Any CPU.ActiveCfg = Debug|Any CPU
		{D71963C6-7DD3-4BE2-BC8F-BBC8A1E81915}.Debug|Any CPU.Build.0 = Debug|Any CPU
		{D71963C6-7DD3-4BE2-BC8F-BBC8A1E81915}.Debug|x64.ActiveCfg = Debug|Any CPU
		{D71963C6-7DD3-4BE2-BC8F-BBC8A1E81915}.Debug|x64.Build.0 = Debug|Any CPU
		{D71963C6-7DD3-4BE2-BC8F-BBC8A1E81915}.Debug|x86.ActiveCfg = Debug|Any CPU
		{D71963C6-7DD3-4BE2-BC8F-BBC8A1E81915}.Debug|x86.Build.0 = Debug|Any CPU
		{D71963C6-7DD3-4BE2-BC8F-BBC8A1E81915}.Release|Any CPU.ActiveCfg = Release|Any CPU
		{D71963C6-7DD3-4BE2-BC8F-BBC8A1E81915}.Release|Any CPU.Build.0 = Release|Any CPU
		{D71963C6-7DD3-4BE2-BC8F-BBC8A1E81915}.Release|x64.ActiveCfg = Release|Any CPU
		{D71963C6-7DD3-4BE2-BC8F-BBC8A1E81915}.Release|x64.Build.0 = Release|Any CPU
		{D71963C6-7DD3-4BE2-BC8F-BBC8A1E81915}.Release|x86.ActiveCfg = Release|Any CPU
		{D71963C6-7DD3-4BE2-BC8F-BBC8A1E81915}.Release|x86.Build.0 = Release|Any CPU
		{65992077-AA16-4C3D-929F-C6F260218CD6}.Debug|Any CPU.ActiveCfg = Debug|Any CPU
		{65992077-AA16-4C3D-929F-C6F260218CD6}.Debug|Any CPU.Build.0 = Debug|Any CPU
		{65992077-AA16-4C3D-929F-C6F260218CD6}.Debug|x64.ActiveCfg = Debug|Any CPU
		{65992077-AA16-4C3D-929F-C6F260218CD6}.Debug|x64.Build.0 = Debug|Any CPU
		{65992077-AA16-4C3D-929F-C6F260218CD6}.Debug|x86.ActiveCfg = Debug|Any CPU
		{65992077-AA16-4C3D-929F-C6F260218CD6}.Debug|x86.Build.0 = Debug|Any CPU
		{65992077-AA16-4C3D-929F-C6F260218CD6}.Release|Any CPU.ActiveCfg = Release|Any CPU
		{65992077-AA16-4C3D-929F-C6F260218CD6}.Release|Any CPU.Build.0 = Release|Any CPU
		{65992077-AA16-4C3D-929F-C6F260218CD6}.Release|x64.ActiveCfg = Release|Any CPU
		{65992077-AA16-4C3D-929F-C6F260218CD6}.Release|x64.Build.0 = Release|Any CPU
		{65992077-AA16-4C3D-929F-C6F260218CD6}.Release|x86.ActiveCfg = Release|Any CPU
		{65992077-AA16-4C3D-929F-C6F260218CD6}.Release|x86.Build.0 = Release|Any CPU
	EndGlobalSection
	GlobalSection(SolutionProperties) = preSolution
		HideSolutionNode = FALSE
	EndGlobalSection
	GlobalSection(NestedProjects) = preSolution
		{07AF2D23-CA54-4793-BC69-01666C7F80F6} = {827E0CD3-B72D-47B6-A68D-7590B98EB39B}
		{FC80C57B-1978-4414-B468-CAAAF051D968} = {827E0CD3-B72D-47B6-A68D-7590B98EB39B}
		{C56D6229-C07B-4286-BC15-651A4206D78B} = {827E0CD3-B72D-47B6-A68D-7590B98EB39B}
		{AAB26F8A-DEA3-49B5-B160-EA484456D64D} = {827E0CD3-B72D-47B6-A68D-7590B98EB39B}
		{83C43DA6-3A99-422E-8BD1-505AC197DFEF} = {0AB3BF05-4346-4AA6-1389-037BE0695223}
		{D71963C6-7DD3-4BE2-BC8F-BBC8A1E81915} = {0AB3BF05-4346-4AA6-1389-037BE0695223}
		{65992077-AA16-4C3D-929F-C6F260218CD6} = {0AB3BF05-4346-4AA6-1389-037BE0695223}
	EndGlobalSection
EndGlobal
